version = 1
revision = 3
requires-python = ">=3.12"

[[package]]
name = "game-state"
version = "2.5.0"
source = { registry = "https://pypi.org/simple" }
sdist = { url = "https://files.pythonhosted.org/packages/4f/69/3c3dcbd7ca22bf22d0223334a7e028d737e109c7f344f929192193770cf6/game_state-2.5.0.tar.gz", hash = "sha256:6c284a5029ea4cf70b9739d1cecec643dd9ab926bff2751da5409840e6ab087a", size = 24677, upload-time = "2026-07-25T06:27:57.7Z" }
wheels = [
    { url = "https://files.pythonhosted.org/packages/13/58/4326d528f8a9a071e618af5a2f820d2f543583e549fd82d60589005874d3/game_state-2.5.0-py3-none-any.whl", hash = "sha256:e850f869fe959a585741f2924c7a0ac4a47522579380df2e19df1af19a947339", size = 25727, upload-time = "2026-07-25T06:27:56.462Z" },
]

[[package]]
name = "glcontext"
version = "3.0.0"
source = { registry = "https://pypi.org/simple" }
sdist = { url = "https://files.pythonhosted.org/packages/3a/80/8238a0e6e972292061176141c1028b5e670aa8c94cf4c2f819bd730d314e/glcontext-3.0.0.tar.gz", hash = "sha256:57168edcd38df2fc0d70c318edf6f7e59091fba1cd3dadb289d0aa50449211ef", size = 16422, upload-time = "2024-08-10T20:01:20.004Z" }
wheels = [
    { url = "https://files.pythonhosted.org/packages/6e/61/d8f77d44bbf477b235ecbff8d421a5511d4b4f6dc676dacd84d012348516/glcontext-3.0.0-cp312-cp312-macosx_10_9_x86_64.whl", hash = "sha256:848f870a2bc72a29de7ab6756b9e8f2e6ce052e17873ebc6b3f25129b6e0d58a", size = 9360, upload-time = "2024-08-10T20:00:20.42Z" },
    { url = "https://files.pythonhosted.org/packages/de/46/680a97d974cfe7af798542918b65bd8e65a5f8f7647edfd9fdb91a95df6c/glcontext-3.0.0-cp312-cp312-macosx_11_0_arm64.whl", hash = "sha256:4b3b12a66f57379566dd4d36899ac265abdbe040f3fc3293f50cd6678a1dcc9b", size = 9733, upload-time = "2024-08-10T20:00:21.624Z" },
    { url = "https://files.pythonhosted.org/packages/74/2c/be188c4eb63b4d0cc74c644a1519b5e3a37488da3cbda724570cd5fed8d3/glcontext-3.0.0-cp312-cp312-manylinux_2_5_i686.manylinux1_i686.manylinux_2_17_i686.manylinux2014_i686.whl", hash = "sha256:449eaefd89c0519900715b8363ead59ac4aa32457722ca521ce01297441edb34", size = 50409, upload-time = "2024-08-10T20:00:22.827Z" },
    { url = "https://files.pythonhosted.org/packages/32/ba/9ccb80650e5bd61e739f16f33aec3bb290a80f314631be8f7dc0a2b22b5f/glcontext-3.0.0-cp312-cp312-manylinux_2_5_x86_64.manylinux1_x86_64.manylinux_2_17_x86_64.manylinux2014_x86_64.whl", hash = "sha256:04921720740438ceea8fb8a38b5665963520c7c8f27bef03df8aeb3ea3cfbfb6", size = 51440, upload-time = "2024-08-10T20:00:23.987Z" },
    { url = "https://files.pythonhosted.org/packages/c0/99/f6c9a0e614809ba5b83bd8403c475b788bd574d694bd5bc6b6ae2e2cefdf/glcontext-3.0.0-cp312-cp312-musllinux_1_2_i686.whl", hash = "sha256:25538bdb106f673638d70e8a16a0c037a92a24c4cf40a05f0d3fa14b483d6194", size = 44820, upload-time = "2024-08-10T20:00:25.436Z" },
    { url = "https://files.pythonhosted.org/packages/a2/29/fdbb94e4c9374390639b741774384f7413efcd7634cc9c4baacc2cf00a1f/glcontext-3.0.0-cp312-cp312-musllinux_1_2_x86_64.whl", hash = "sha256:d11f7701b900a5a34c994e1d91c547be1cc469b73f881471460fd905f69f9e4c", size = 47055, upload-time = "2024-08-10T20:00:26.723Z" },
    { url = "https://files.pythonhosted.org/packages/5d/fe/25b5348fe5e856697dacad34fc07e80f48eecfb38bd09806679fe0e62769/glcontext-3.0.0-cp312-cp312-win32.whl", hash = "sha256:5d2b567eaf34adb016aadce81fd2f1d4c8e4a39e3d6f2a395ce528e2a350dd3f", size = 12219, upload-time = "2024-08-10T20:00:27.76Z" },
    { url = "https://files.pythonhosted.org/packages/17/d3/6619693ddad97011ca1c9aaeb82216ab2bfd54757be752b12f4e9a2fc489/glcontext-3.0.0-cp312-cp312-win_amd64.whl", hash = "sha256:e80bb37ba727bd20c192f2754aea40c437a7665005c1001c10752f91913964e9", size = 12971, upload-time = "2024-08-10T20:00:29.575Z" },
    { url = "https://files.pythonhosted.org/packages/12/be/0ef6a6710164fde818040238b041b02a082a2b9d210f18632ab2354d863e/glcontext-3.0.0-cp313-cp313-macosx_10_13_x86_64.whl", hash = "sha256:5bd37089570d3cdb01c6c0b315c49ce8a4dcdab2c431f5ba9f37a8b633cebfdf", size = 9366, upload-time = "2024-08-10T20:00:30.531Z" },
    { url = "https://files.pythonhosted.org/packages/b9/d7/c3220898d72fbf938660ba5789c19cf245d21b45802a5d86cbcc67d66413/glcontext-3.0.0-cp313-cp313-macosx_11_0_arm64.whl", hash = "sha256:857fd83e60f15580afd369dfb651a10d84a70ec35995622d253551bfb3ff9477", size = 9735, upload-time = "2024-08-10T20:00:31.708Z" },
    { url = "https://files.pythonhosted.org/packages/74/c1/2d57062d2f2f6e55c58b12bdeab2a39b209f959df32039d099ecdfe96bf7/glcontext-3.0.0-cp313-cp313-manylinux_2_5_i686.manylinux1_i686.manylinux_2_17_i686.manylinux2014_i686.whl", hash = "sha256:93fda9b378ce6d91f366e83e71ebdafdd167280a9834d1d6341ce6457c4e42ed", size = 50166, upload-time = "2024-08-10T20:00:32.627Z" },
    { url = "https://files.pythonhosted.org/packages/03/4d/7fee00c76d678b06529e939ab6f3e3190af30208fe2e984526899026a437/glcontext-3.0.0-cp313-cp313-manylinux_2_5_x86_64.manylinux1_x86_64.manylinux_2_17_x86_64.manylinux2014_x86_64.whl", hash = "sha256:89ad50d34aa62f03f6aaf6ae39fc27afd1b0eaefb0281aac51f686dc5672d473", size = 51186, upload-time = "2024-08-10T20:00:33.718Z" },
    { url = "https://files.pythonhosted.org/packages/f0/58/dc9a56192b889587e51ea511804bad5dec816de81ce16831db9fe19d5c40/glcontext-3.0.0-cp313-cp313-musllinux_1_2_i686.whl", hash = "sha256:2634d5e9647a6d7b0c5a5c0c57e91ac98aa79759bffb42459af4374b049fab01", size = 44658, upload-time = "2024-08-10T20:00:35.232Z" },
    { url = "https://files.pythonhosted.org/packages/aa/ed/acb12e67589deaa96ad29d6994c2b9383afd18700f4f2a42ff342628aac5/glcontext-3.0.0-cp313-cp313-musllinux_1_2_x86_64.whl", hash = "sha256:0140c5df37cb48271527355062d35589dc3e1e7e73b51adf9962ed5048115f69", size = 46882, upload-time = "2024-08-10T20:00:36.33Z" },
    { url = "https://files.pythonhosted.org/packages/e0/6d/033ba23466d596c945f5f31f5c4e50cba3bc6664fdee58f6ceab54b76f4b/glcontext-3.0.0-cp313-cp313-win32.whl", hash = "sha256:6678e0552b516fa8fe62f500ef2b953bec991e82a003be2a9840d16556d03d2e", size = 12220, upload-time = "2024-08-10T20:00:37.874Z" },
    { url = "https://files.pythonhosted.org/packages/53/b4/f0e0860526b8661ec6ae2b25a15b61100e551f57f488613c564752173a56/glcontext-3.0.0-cp313-cp313-win_amd64.whl", hash = "sha256:18aa4b1df50e8c8ea39bd0f775f39bcc987521f92c4ed019ec7d70078471354d", size = 12971, upload-time = "2024-08-10T20:00:39.233Z" },
]

[[package]]
name = "moderngl"
version = "5.12.0"
source = { registry = "https://pypi.org/simple" }
dependencies = [
    { name = "glcontext" },
]
sdist = { url = "https://files.pythonhosted.org/packages/da/52/540e2f8c45060bb2709f56eb5a44ae828dfcc97ccecb342c1a7deb467889/moderngl-5.12.0.tar.gz", hash = "sha256:52936a98ccb2f2e1d6e3cb18528b2919f6831e7e3f924e788b5873badce5129b", size = 193232, upload-time = "2024-10-17T12:36:28.002Z" }
wheels = [
    { url = "https://files.pythonhosted.org/packages/3c/66/31161e81bc85ca3cdbb9d94f703f21575e4ae9a2919e9d1af98fc7fdb1ba/moderngl-5.12.0-cp312-cp312-macosx_10_13_x86_64.whl", hash = "sha256:2750547707c1ec3790dfbeb9c90fb808672ff13f61cac392c706ba09fda10db0", size = 112101, upload-time = "2024-10-17T12:37:02.267Z" },
    { url = "https://files.pythonhosted.org/packages/84/b2/7229a89a40d33a95119a7c64c7ee36a6a6e376c57c39fb577ea513602f37/moderngl-5.12.0-cp312-cp312-macosx_11_0_arm64.whl", hash = "sha256:c5c2a5fe06c7021183d9274df798f25516409c8d55898c324dae8a0b2de10144", size = 109377, upload-time = "2024-10-17T12:37:03.843Z" },
    { url = "https://files.pythonhosted.org/packages/d7/96/bcb5141eae24474d80b8157b0c3055d25fa75f9804d4abb4a514695bbba9/moderngl-5.12.0-cp312-cp312-manylinux_2_17_x86_64.manylinux2014_x86_64.whl", hash = "sha256:b6c4972f3ddd10a3de6c30311da2c25bc493d023796e16c5d4e0f8bd6d5770be", size = 296394, upload-time = "2024-10-17T12:37:04.967Z" },
    { url = "https://files.pythonhosted.org/packages/b8/79/a9998ddf6757f4f15888b0a106d80a64a8c8991a8ce5c14047830704b9e6/moderngl-5.12.0-cp312-cp312-manylinux_2_5_i686.manylinux1_i686.manylinux_2_17_i686.manylinux2014_i686.whl", hash = "sha256:a4d497ec6a3f6afa9ebd0be816d9bfe2fe20fec2105acfb88d956619c3ed8eb4", size = 270548, upload-time = "2024-10-17T12:37:07.57Z" },
    { url = "https://files.pythonhosted.org/packages/17/f4/313dc301db936b231035b961e004f1914c2954bdcdf4985e24bff15e7ed5/moderngl-5.12.0-cp312-cp312-musllinux_1_2_i686.whl", hash = "sha256:2f3d240e9bc5d83257378bae59f8f35638b89d22bb003cf674b88fd7932161ce", size = 1345817, upload-time = "2024-10-17T12:37:09.105Z" },
    { url = "https://files.pythonhosted.org/packages/8c/6f/7b3587e7e3ae633b8c85038f035dfeb348ebf805de4beb01241c59c6b97c/moderngl-5.12.0-cp312-cp312-musllinux_1_2_x86_64.whl", hash = "sha256:6fa667d560d842e778e2a5968305fb78f9781616a11b1b93acd2562f97262ccf", size = 1274968, upload-time = "2024-10-17T12:37:11.092Z" },
    { url = "https://files.pythonhosted.org/packages/4f/e8/0f3b3cd1be7b0a93f33dc613f76a42021d1393b4949c5b6a1ca2a01c6772/moderngl-5.12.0-cp312-cp312-win32.whl", hash = "sha256:0a02fddd54dccee1ca6060bfed75a2e6a17dd3ee06920fac418506d8a8233849", size = 101221, upload-time = "2024-10-17T12:37:12.642Z" },
    { url = "https://files.pythonhosted.org/packages/56/85/35498b1821cf31c731b1882168db8924207ff3c06d8f0da53e1cc373a89d/moderngl-5.12.0-cp312-cp312-win_amd64.whl", hash = "sha256:8698a59ad03539a2982125b7998efc1c107ba31d5d03437b6fcd72cb2c226922", size = 108525, upload-time = "2024-10-17T12:37:13.816Z" },
    { url = "https://files.pythonhosted.org/packages/39/13/cf493bdc3cb4f7a6b4fb357e683404dc8a97d19f53d501e4afdd679538e2/moderngl-5.12.0-cp313-cp313-macosx_10_13_x86_64.whl", hash = "sha256:f6efb432f5164f871471d1da36e3a4be9dc3efd7a1e48d0ac6b751e556af5d02", size = 112118, upload-time = "2024-10-17T12:37:14.892Z" },
    { url = "https://files.pythonhosted.org/packages/a9/1f/1d84bba5f42fb19ce240d08d5434fe8e2f34341e68bb9fa89336b6cbdcfc/moderngl-5.12.0-cp313-cp313-macosx_11_0_arm64.whl", hash = "sha256:9b09d8d15b2eaab41c8646a664429ec86af225fa25096758497cd212489d2e1e", size = 109371, upload-time = "2024-10-17T12:37:15.992Z" },
    { url = "https://files.pythonhosted.org/packages/be/ae/bda0b95878e2b36eac66f64d88c08e6c8ea759607f7d40e843a21c2f4f32/moderngl-5.12.0-cp313-cp313-manylinux_2_17_x86_64.manylinux2014_x86_64.whl", hash = "sha256:071042dd4846e58cbe204cf49341b62cd209fdcb6d48018feb5a61c66707fcb2", size = 296206, upload-time = "2024-10-17T12:37:17.204Z" },
    { url = "https://files.pythonhosted.org/packages/28/bc/93dc73251bcdb9c0f6f5c9a1d97ec2134672c307c68e6106948eab1f73d4/moderngl-5.12.0-cp313-cp313-manylinux_2_5_i686.manylinux1_i686.manylinux_2_17_i686.manylinux2014_i686.whl", hash = "sha256:91db8302ac7f5d7a82a967388677e1378ff078f1e16d05da37ce77f4633b93b1", size = 270443, upload-time = "2024-10-17T12:37:18.44Z" },
    { url = "https://files.pythonhosted.org/packages/2e/a1/bd72c788b16c2392d3e1ebb570e56d7f871eaa1854f57917c0f131acb365/moderngl-5.12.0-cp313-cp313-musllinux_1_2_i686.whl", hash = "sha256:51971d65ec96a212a814350c8b324ae0754353e1b61826d1a06aa2d060df170e", size = 1345675, upload-time = "2024-10-17T12:37:20.077Z" },
    { url = "https://files.pythonhosted.org/packages/b2/ec/6aff8fa267d9f80e4d32b7a606fdf9f0563103441a7dbaa4f53e272a4ada/moderngl-5.12.0-cp313-cp313-musllinux_1_2_x86_64.whl", hash = "sha256:d56827360c19e831e986243b5daaf6a51006f1ec0d5372084ad446308763d19f", size = 1274906, upload-time = "2024-10-17T12:37:22.372Z" },
    { url = "https://files.pythonhosted.org/packages/9f/4d/dc3ff763c125080e71b1095875f5dcc80949402019abc073bdfdbed1f4c2/moderngl-5.12.0-cp313-cp313-win32.whl", hash = "sha256:caa432c12b138a6c9571719075c4d103bdc2504cd31aeda38a00ad10fcf268cb", size = 101215, upload-time = "2024-10-17T12:37:23.833Z" },
    { url = "https://files.pythonhosted.org/packages/2c/8b/0a264732e0ee49fca109e98ec28f4d0c326ffc31466aa6e9668e8961aabb/moderngl-5.12.0-cp313-cp313-win_amd64.whl", hash = "sha256:e34d1cd38f7998258f76a08bb5e87f351ec653b7ea1928b2711f8719c10cefd1", size = 108514, upload-time = "2024-10-17T12:37:25.304Z" },
]

[[package]]
name = "pygame-ce"
version = "2.5.7"
source = { registry = "https://pypi.org/simple" }
sdist = { url = "https://files.pythonhosted.org/packages/e9/0d/bb6a6fdf1b227c0bb9a44437a70962a3854bcc541533c261e5021a5ee691/pygame_ce-2.5.7.tar.gz", hash = "sha256:86beb797cd73c141299a29b56f7df2b0543fbdc81d428022458329ff694aaa51", size = 5935870, upload-time = "2026-03-02T09:26:59.005Z" }
wheels = [
    { url = "https://files.pythonhosted.org/packages/57/a7/cd305034f505bfa1a1acdafd3d86af54da14b29151a0d99f348306272773/pygame_ce-2.5.7-cp312-cp312-macosx_10_13_universal2.whl", hash = "sha256:dca2f8ba56bf3b4b8c73c4863d0603773403f4f66bc2fe25784ea74aee3fffc3", size = 17210332, upload-time = "2026-03-02T09:25:52.18Z" },
    { url = "https://files.pythonhosted.org/packages/e5/94/7f6304a31ccc7d11d4443e590cbfa6fce2bd34077575a7790d4f0a14f440/pygame_ce-2.5.7-cp312-cp312-manylinux2014_aarch64.manylinux_2_17_aarch64.whl", hash = "sha256:4dc989462faf2c5947881f708fa406d7ac13c1bc987c1588d630ca62ad369989", size = 12709001, upload-time = "2026-03-02T09:25:54.806Z" },
    { url = "https://files.pythonhosted.org/packages/09/8b/a7886b7bfe874fa381201ee538928af3c1cab2fe3e36927ed08f3f1d0b61/pygame_ce-2.5.7-cp312-cp312-manylinux2014_i686.manylinux_2_17_i686.whl", hash = "sha256:538689d77c44f5dbefc0abeab5b9806d6c90ebc6d64078736c8a4c731f08b37e", size = 13236706, upload-time = "2026-03-02T09:25:57.524Z" },
    { url = "https://files.pythonhosted.org/packages/db/17/70ada4cef84eca48a995cc9e0f2f087e6190b3e4111e9c8ec3c7a8f689bd/pygame_ce-2.5.7-cp312-cp312-manylinux2014_x86_64.manylinux_2_17_x86_64.whl", hash = "sha256:0d8fa8822c0f4b5ae6b44ada7be9f2193fd512da1381c37fa3c5bda8971d64cb", size = 12812909, upload-time = "2026-03-02T09:25:59.971Z" },
    { url = "https://files.pythonhosted.org/packages/40/db/1cfcfb7813ce6d2202919ad87c7e1b278a4f820902ba826df43dc8906e34/pygame_ce-2.5.7-cp312-cp312-win32.whl", hash = "sha256:604207c8813a594919bb7e6d3ed3834f79aa099d2d648e8a8fc3d786ad3fa1c8", size = 9837595, upload-time = "2026-03-02T09:26:02.573Z" },
    { url = "https://files.pythonhosted.org/packages/1f/d4/43b006affa13e2f4572aa28a0d1f64c91c330d289c30a022b5416245714c/pygame_ce-2.5.7-cp312-cp312-win_amd64.whl", hash = "sha256:b6b7eec2779fac11ed265a18ab926b3829654120a5c9a07c36eeedeb012b8c3c", size = 10414958, upload-time = "2026-03-02T09:26:05.25Z" },
    { url = "https://files.pythonhosted.org/packages/18/1b/971a432d8bab8c52031ddbd0e681750a57348213ec0f8a0e0d6713e8df46/pygame_ce-2.5.7-cp312-cp312-win_arm64.whl", hash = "sha256:eb99a8a7185057064163610b3ca3e1d3307f0eb3dfff6e19556fa5132c6bca87", size = 10859829, upload-time = "2026-03-02T09:26:08.06Z" },
    { url = "https://files.pythonhosted.org/packages/21/96/d28381210ec2ed5d7a04f77cd8f6949a7734f75a7a7d9a95fe8ed60fe3ba/pygame_ce-2.5.7-cp313-cp313-macosx_10_13_universal2.whl", hash = "sha256:8766985d802017e150fcfb9adc659967d8548a961d491b8974f0748412cc0427", size = 17203240, upload-time = "2026-03-02T09:26:10.975Z" },
    { url = "https://files.pythonhosted.org/packages/b8/f0/a3e4d0ad2519d106d178652ae7ec692e8acadf3d2260493840c27f8eabb8/pygame_ce-2.5.7-cp313-cp313-manylinux2014_aarch64.manylinux_2_17_aarch64.whl", hash = "sha256:58eabfc184dd28c682e5e6ccfce01224bb12653c6648babcd0bb9d9bd662d938", size = 12705532, upload-time = "2026-03-02T09:26:13.795Z" },
    { url = "https://files.pythonhosted.org/packages/13/0d/6d6c29aa5ecf63a66983bdf04066dc019290e7412f64b0ae5133c5e53d47/pygame_ce-2.5.7-cp313-cp313-manylinux2014_i686.manylinux_2_17_i686.whl", hash = "sha256:92d5732cd512c8ec0b47e9a3e6c683fb811bdf2090362580778ce698222a64ab", size = 13233559, upload-time = "2026-03-02T09:26:16.202Z" },
    { url = "https://files.pythonhosted.org/packages/fe/96/e400d3a2c6456e3a334d9fae1f8704d964027b60064935278028dd79293f/pygame_ce-2.5.7-cp313-cp313-manylinux2014_x86_64.manylinux_2_17_x86_64.whl", hash = "sha256:48e9a4ece43b08adc8ffb0bbbe0fe183eef4bb501a7d31552ae7398592ec0a82", size = 12811409, upload-time = "2026-03-02T09:26:19.148Z" },
    { url = "https://files.pythonhosted.org/packages/8f/ed/8e3c6f5d4ac763f6766c2043f842b2c52028b30a4ce2ce2f5dced5961354/pygame_ce-2.5.7-cp313-cp313-win32.whl", hash = "sha256:f6439100bdee81da96f5acffb280f20511c93dd67178d8a8cf29d6cfd1aa46dd", size = 9835553, upload-time = "2026-03-02T09:26:22.123Z" },
    { url = "https://files.pythonhosted.org/packages/06/a0/7acd164b3a206327bf53df5e5399227a5baf858ae2944cba562a0ae77e0a/pygame_ce-2.5.7-cp313-cp313-win_amd64.whl", hash = "sha256:25047c97760fc640a6a8bbfdf3398c5825adfd55986a7523a65c95a1fb61d759", size = 10413012, upload-time = "2026-03-02T09:26:24.747Z" },
    { url = "https://files.pythonhosted.org/packages/47/d5/e4419a340ae24bd0dde5a6861406c24114f59a543aad44f1d2f2ae4752d5/pygame_ce-2.5.7-cp313-cp313-win_arm64.whl", hash = "sha256:f5a7197096ef82d588539f13b0f7ade767f800c7b0b015a94e386f488e1039f6", size = 10856939, upload-time = "2026-03-02T09:26:27.107Z" },
    { url = "https://files.pythonhosted.org/packages/26/08/9fe0003d69077ff8faff242a85260b8a192d3b7111c02332b8b2f515d40c/pygame_ce-2.5.7-cp314-cp314-macosx_10_15_universal2.whl", hash = "sha256:addfbf7d119647eec157d611f463e5d572836fa74d0d222c59210294ed618b9d", size = 17211017, upload-time = "2026-03-02T09:26:30.243Z" },
    { url = "https://files.pythonhosted.org/packages/40/c7/217c5430c8c612879162beb2d18cb10ad8b1b4db6ce03245289a3de6bc1b/pygame_ce-2.5.7-cp314-cp314-manylinux2014_aarch64.manylinux_2_17_aarch64.whl", hash = "sha256:1c92feb289e34ac323a7b62b91d230a4e32b44059c4d7fb95631e504b1d9b365", size = 12710845, upload-time = "2026-03-02T09:26:33.165Z" },
    { url = "https://files.pythonhosted.org/packages/00/a4/6fb0054bfb2522c4ad3ff82ecbc9c1a3c6694c50d24f2451717121636a1d/pygame_ce-2.5.7-cp314-cp314-manylinux2014_x86_64.manylinux_2_17_x86_64.whl", hash = "sha256:5c1ed4100311015cc67d24fe4e4d7c2f4cb25c34e043545061271c1d018c02d4", size = 12812020, upload-time = "2026-03-02T09:26:35.953Z" },
    { url = "https://files.pythonhosted.org/packages/a2/9b/0e0996573a9dd4bb34874c10643224a72372818242e07486c9eb4a22eebb/pygame_ce-2.5.7-cp314-cp314-win32.whl", hash = "sha256:1b7e641af3aeac92bb7e4df1402d6802271f4bd09c747d2665f154ef9b07a4e6", size = 9968590, upload-time = "2026-03-02T09:26:38.517Z" },
    { url = "https://files.pythonhosted.org/packages/96/96/c94d0e508954093e37a77b03101a3cf51a242e02cc0ec726edcb117f8885/pygame_ce-2.5.7-cp314-cp314-win_amd64.whl", hash = "sha256:595f4257c15fed11cd816ae0bfabad3d99f8f04a000d7d164a22c0f9afd6cb65", size = 10581240, upload-time = "2026-03-02T09:26:41.139Z" },
    { url = "https://files.pythonhosted.org/packages/81/bb/93c5dadb66ac9733ca52952e063cce117a9312d6f97facd5dc4932f3d777/pygame_ce-2.5.7-cp314-cp314-win_arm64.whl", hash = "sha256:3e6ce74fd5a5f146f1bcf0224ae3e880c733917a9edbb53f790329d235520433", size = 11057480, upload-time = "2026-03-02T09:26:43.871Z" },
]

[[package]]
name = "ruff"
version = "0.16.0"
source = { registry = "https://pypi.org/simple" }
sdist = { url = "https://files.pythonhosted.org/packages/4d/94/1e5e4967626faf12fa56999cd6222dff6992ceb086ad7945756baf70c7a7/ruff-0.16.0.tar.gz", hash = "sha256:e460aafd5495ec89efaa6ced2e4a9a581116451e1c88b9d37ef497e0f8e93982", size = 4790557, upload-time = "2026-07-23T19:11:30.981Z" }
wheels = [
    { url = "https://files.pythonhosted.org/packages/4b/81/1c8818fee7ce1a04cd7d1b3172e0a8f8e4f1dc4feb7fc390e16daa8af323/ruff-0.16.0-py3-none-linux_armv6l.whl", hash = "sha256:e5115729eb08c585e5121978ba5d5b60caeae394ce21b9fb5e6cd33a1c6c9b1e", size = 10754633, upload-time = "2026-07-23T19:10:46.415Z" },
    { url = "https://files.pythonhosted.org/packages/23/df/beaf59c09d68db84304d555f188b276a77132a5d5b0b67a5c762aa143628/ruff-0.16.0-py3-none-macosx_10_12_x86_64.whl", hash = "sha256:3c954b1d580bfa035b41654f7858cc7e71d5fc3ac5b723dd62bd9133830ed522", size = 10969164, upload-time = "2026-07-23T19:10:50.271Z" },
    { url = "https://files.pythonhosted.org/packages/42/ce/741cd197496a1abbf51352710fd15ed995d2a2be87189c1da26a450d6e83/ruff-0.16.0-py3-none-macosx_11_0_arm64.whl", hash = "sha256:e01c21d10eb1b29f47b7454e1f4056db9a3f0260c646aa88457c610291db9f81", size = 10488846, upload-time = "2026-07-23T19:10:52.639Z" },
    { url = "https://files.pythonhosted.org/packages/52/2a/a2db8e88cade358f5cdcb05674a917751074109315d014eb6352d9a893f7/ruff-0.16.0-py3-none-manylinux_2_17_aarch64.manylinux2014_aarch64.whl", hash = "sha256:6e364e5ed22ed8dc05082fd78e35308618260907ac2d3c1d637b2e682415b6c9", size = 10889729, upload-time = "2026-07-23T19:10:54.89Z" },
    { url = "https://files.pythonhosted.org/packages/42/65/62a771694ebd63029dc953e27dbad40e1588bd4860ff9fe881018fddaa49/ruff-0.16.0-py3-none-manylinux_2_17_armv7l.manylinux2014_armv7l.whl", hash = "sha256:d327b8fc113a1d4421a04f3839d3752057c8dd1ee320223a6f3f52d04ada462a", size = 10568275, upload-time = "2026-07-23T19:10:56.993Z" },
    { url = "https://files.pythonhosted.org/packages/3f/e2/ced249fe8af5f086c5c58cc21cc3356d50f32f7401c5df87050c999620a7/ruff-0.16.0-py3-none-manylinux_2_17_i686.manylinux2014_i686.whl", hash = "sha256:a9b50c55e263103586b3dcf5f73d479eb8cb5fdb6098fec59a62891dab653717", size = 11385112, upload-time = "2026-07-23T19:10:59.615Z" },
    { url = "https://files.pythonhosted.org/packages/87/0b/05154977a8fd69eeb6c103271f55403bfd8711f5c0f8ed07489d95a504e7/ruff-0.16.0-py3-none-manylinux_2_17_ppc64le.manylinux2014_ppc64le.whl", hash = "sha256:0ff4a79ce3ec0172f3241943835de1c4cb4e2dcd07f0f8c2d02603dbbbee4b17", size = 12207008, upload-time = "2026-07-23T19:11:02.154Z" },
    { url = "https://files.pythonhosted.org/packages/fb/29/98225831a3a1eab0e02f4acc6ca6559a98611dcc68b6965ff4b7234627c1/ruff-0.16.0-py3-none-manylinux_2_17_s390x.manylinux2014_s390x.whl", hash = "sha256:e95c448fca1fb2a18372a9440926c5a6ee789639bb975c72e7ae6d0b04218ab4", size = 11650842, upload-time = "2026-07-23T19:11:04.557Z" },
    { url = "https://files.pythonhosted.org/packages/91/66/6bd3cf90500653d55dc0ffc8507aa8300bd49d0214b2e8cb4d3fef2943ba/ruff-0.16.0-py3-none-manylinux_2_17_x86_64.manylinux2014_x86_64.whl", hash = "sha256:4f11a8d11010301d0a398a2fdef67691feca7294da6aef55e2150e8fa2cd520b", size = 11400718, upload-time = "2026-07-23T19:11:09.233Z" },
    { url = "https://files.pythonhosted.org/packages/8e/a2/a54eb4eae05d66364050a5d3b8a9c5ef88196531b3cbe7109d873f87f819/ruff-0.16.0-py3-none-manylinux_2_31_riscv64.whl", hash = "sha256:48044c678e9cb8698246c99b14aaccfa6601dea7379eb48a6f8f73f7a6d86cd0", size = 11426177, upload-time = "2026-07-23T19:11:11.994Z" },
    { url = "https://files.pythonhosted.org/packages/1a/be/16e3eea4b2a478a496919f5e36f17c4559e54620bd3bbac5d6affa068006/ruff-0.16.0-py3-none-musllinux_1_2_aarch64.whl", hash = "sha256:7aa0959bad8eb8bef50340154fc9b58678dae31fa4293afa38b44b6e552c0213", size = 10856126, upload-time = "2026-07-23T19:11:14.221Z" },
    { url = "https://files.pythonhosted.org/packages/a2/84/252eb8b868a16eec7257c14f504f77537e734b2d69c762e639e588e304a3/ruff-0.16.0-py3-none-musllinux_1_2_armv7l.whl", hash = "sha256:28ea2b7df8ebf7f9da6b7d47b230ab48f387c0a29be3b474c4d0740e197bb9af", size = 10571208, upload-time = "2026-07-23T19:11:16.378Z" },
    { url = "https://files.pythonhosted.org/packages/21/09/817a482f542f7570cbb4554b26e896610c7114f539b1d9e2d2145bf6bef6/ruff-0.16.0-py3-none-musllinux_1_2_i686.whl", hash = "sha256:33a3dfac8c35f81498dea9181bccc2f4c4bc8f1521a1dd9406e77643e0f0fb09", size = 11063329, upload-time = "2026-07-23T19:11:19.173Z" },
    { url = "https://files.pythonhosted.org/packages/2e/23/9403c180ca1cb9b1f7335f5c3e5305c09d49ea5b345196682a36028bde4a/ruff-0.16.0-py3-none-musllinux_1_2_x86_64.whl", hash = "sha256:a5237a0bda500d30d81b8e07a6973a5cbc772864cbf746ae2f4e8a2e01c9f4ed", size = 11489751, upload-time = "2026-07-23T19:11:21.74Z" },
    { url = "https://files.pythonhosted.org/packages/b2/1d/1b2ef7bcde851c78d7f17f1cca13fd6dc695fc4b3d6197941e72cae5b132/ruff-0.16.0-py3-none-win32.whl", hash = "sha256:7fab76fa065c873f41ff744347c6e77bcc3dfec4bcc754dc26b63d23c0f7f5fb", size = 10785885, upload-time = "2026-07-23T19:11:23.947Z" },
    { url = "https://files.pythonhosted.org/packages/b2/a3/d5e4ef7a56be3f928ffb90b94c25ba7d3cb9c7fe0736aeaaedf361770712/ruff-0.16.0-py3-none-win_amd64.whl", hash = "sha256:429c117f022bf481fabd9d551e7a3952b24c65e6ef44337ea09d90bebef14472", size = 11923141, upload-time = "2026-07-23T19:11:26.409Z" },
    { url = "https://files.pythonhosted.org/packages/cb/9a/8415f2657cbe200f41a4531ccededf135505a92d4a012229121f885b26f9/ruff-0.16.0-py3-none-win_arm64.whl", hash = "sha256:14296fedcd2705c77ab8235439278bbb38f285cf7da5528b00b3e330c3d4872d", size = 11273407, upload-time = "2026-07-23T19:11:28.705Z" },
]

[[package]]
name = "space-heart"
version = "0.1.0"
source = { virtual = "." }
dependencies = [
    { name = "game-state" },
    { name = "moderngl" },
    { name = "pygame-ce" },
]

[package.dev-dependencies]
dev = [
    { name = "ruff" },
    { name = "ty" },
]

[package.metadata]
requires-dist = [
    { name = "game-state", specifier = ">=2.5.0" },
    { name = "moderngl", specifier = ">=5.12.0" },
    { name = "pygame-ce", specifier = ">=2.5.7" },
]

[package.metadata.requires-dev]
dev = [
    { name = "ruff", specifier = ">=0.16.0" },
    { name = "ty", specifier = ">=0.0.63" },
]

[[package]]
name = "ty"
version = "0.0.63"
source = { registry = "https://pypi.org/simple" }
sdist = { url = "https://files.pythonhosted.org/packages/ba/ce/cbeaa5c7576fec643609dfbf200d59493523b1cc0481d4e7a5effcbf0630/ty-0.0.63.tar.gz", hash = "sha256:c2f66439393b3acac69306c117d4ae44638ce5fffa4a20c21046e85bd473359f", size = 6280695, upload-time = "2026-07-23T11:41:39.845Z" }
wheels = [
    { url = "https://files.pythonhosted.org/packages/1a/e4/d17a8e113ab15c692fe6fb9c422112d4bee7e829d80ced35826b45d98d98/ty-0.0.63-py3-none-linux_armv6l.whl", hash = "sha256:9a4ef7782e3af314fb63d006bec5ac3025bd70fee774b4dcfb5e44e8564f1994", size = 12056302, upload-time = "2026-07-23T11:41:03.5Z" },
    { url = "https://files.pythonhosted.org/packages/be/0b/357234c815dc4bfcc88c3f860aa0983fe4228c8aa2a5bb16c35ee08a94af/ty-0.0.63-py3-none-macosx_10_12_x86_64.whl", hash = "sha256:01eab0ab70d51ad10298aa2d4b058b387a1fe93e5ee52d2a1ee23e9c69ba8354", size = 11737674, upload-time = "2026-07-23T11:41:05.862Z" },
    { url = "https://files.pythonhosted.org/packages/1c/13/193d9aeeb6774690351cff9fafabd3ae9b54cc225d125e07fa004ce23bdc/ty-0.0.63-py3-none-macosx_11_0_arm64.whl", hash = "sha256:a671b61eaad16178389e05b9c108c9cb75ae8d84968fe55906484f55d6268338", size = 11264191, upload-time = "2026-07-23T11:41:07.963Z" },
    { url = "https://files.pythonhosted.org/packages/4f/b7/c5843e16759a2b25fc8a7197473474038e585ac9fdaa6fa16aeb6384bf6a/ty-0.0.63-py3-none-manylinux_2_17_aarch64.manylinux2014_aarch64.whl", hash = "sha256:b255cc83d95c51bb9ee4931303fdbece8cb1d6d7c655eb77a3f2c8f349fb64d6", size = 11818890, upload-time = "2026-07-23T11:41:09.885Z" },
    { url = "https://files.pythonhosted.org/packages/06/20/adf83ae1fc570d9bb449605e1eeeaa523ad2329ca838a636698b5c135d11/ty-0.0.63-py3-none-manylinux_2_17_armv7l.manylinux2014_armv7l.whl", hash = "sha256:0da1e8183aa4f893421a173904478021498f542ee41273660538da6649a9631c", size = 11853141, upload-time = "2026-07-23T11:41:12.151Z" },
    { url = "https://files.pythonhosted.org/packages/ea/90/f8effd846e3ee13486ea08257c13094d58b9f188c5641bf609d6a7d5c09f/ty-0.0.63-py3-none-manylinux_2_17_i686.manylinux2014_i686.whl", hash = "sha256:128f38eb5a67199e3811426386f7ec96f41251ddf45e04ddc0bcbb29d4853245", size = 12545184, upload-time = "2026-07-23T11:41:14.4Z" },
    { url = "https://files.pythonhosted.org/packages/b8/76/aac3a30d40431eb1d329acea016b248f5b6255e30ef3d28e19447e344be2/ty-0.0.63-py3-none-manylinux_2_17_ppc64le.manylinux2014_ppc64le.whl", hash = "sha256:bedf34aff8b0557f2a7119b314a68a9c9e58c1d21554d0e2748f2c5fe6a1f638", size = 13062375, upload-time = "2026-07-23T11:41:16.441Z" },
    { url = "https://files.pythonhosted.org/packages/62/3d/0158733932893e17f6008dadd74c8d7aed422fefc66e47fe77888014fe8c/ty-0.0.63-py3-none-manylinux_2_17_s390x.manylinux2014_s390x.whl", hash = "sha256:7328d63c34587606dce02935a25404f54cd0161bfe413b8f7fc21d174aead612", size = 12619461, upload-time = "2026-07-23T11:41:18.538Z" },
    { url = "https://files.pythonhosted.org/packages/f5/be/e280ad095b050778f16f493d49a073fa5f6d8f301d3e2e59be6a672ba05c/ty-0.0.63-py3-none-manylinux_2_17_x86_64.manylinux2014_x86_64.whl", hash = "sha256:504c4457f3a62afe836c1f26a2c9a12549299095f9cc4146778558df51a7515c", size = 12376402, upload-time = "2026-07-23T11:41:20.482Z" },
    { url = "https://files.pythonhosted.org/packages/57/57/619788bf335cb86b090470b557ae1eed33613dc24e12142505d32b462e58/ty-0.0.63-py3-none-manylinux_2_31_riscv64.whl", hash = "sha256:7394ed39424b027c89d5f0c818871c791e33958b88f5bb13e14bd4a12a3ca631", size = 12671377, upload-time = "2026-07-23T11:41:22.489Z" },
    { url = "https://files.pythonhosted.org/packages/07/a2/0aff2cdd3c98e2c4729337542b8da0ce1980790e1600e0c4a717a1f46293/ty-0.0.63-py3-none-musllinux_1_2_aarch64.whl", hash = "sha256:94c3f155230490f8fb505911655e940c630c25cc0c35a76690cb413254fb4437", size = 11768090, upload-time = "2026-07-23T11:41:24.558Z" },
    { url = "https://files.pythonhosted.org/packages/43/4a/cdb5f1d26154144dfee08e1bd671daf827238170f7cee9dad43990bb2016/ty-0.0.63-py3-none-musllinux_1_2_armv7l.whl", hash = "sha256:c16e1d8b4f0ae99106d5f13a894034a202baf6cdab61e2bb1a239de82904f839", size = 11867747, upload-time = "2026-07-23T11:41:26.794Z" },
    { url = "https://files.pythonhosted.org/packages/7e/26/ecc09ecb70bc9fbfdf42fa57ff29568f173e8200df575a0d72dc2b8486f9/ty-0.0.63-py3-none-musllinux_1_2_i686.whl", hash = "sha256:b66293dad89eaed4b9fbf3b661614dbeb85b59ba037178a3f9a0adedf264da5c", size = 12120000, upload-time = "2026-07-23T11:41:28.731Z" },
    { url = "https://files.pythonhosted.org/packages/14/07/862822f9c2c397785b69b25cf79b4dfc3c0d55684b9adf11ac194450f8e1/ty-0.0.63-py3-none-musllinux_1_2_x86_64.whl", hash = "sha256:8b29cc832e2ec73502c97dd7325d6ae0e085b34a33529a0f785192317d9862fc", size = 12477862, upload-time = "2026-07-23T11:41:30.847Z" },
    { url = "https://files.pythonhosted.org/packages/d0/c2/50b08b641578d6f48e8aa28a91d0de32c91aa24dd926ed199e8afd2d37ea/ty-0.0.63-py3-none-win32.whl", hash = "sha256:f0a8fbfd1f990c0c5d85cce018d438969ac79e49247e2192c9745394bb7d17ab", size = 11433155, upload-time = "2026-07-23T11:41:33.28Z" },
    { url = "https://files.pythonhosted.org/packages/92/2d/d422a5568f0d1f317186be22241288dc6e08b71dc24aca223f22038ac2d2/ty-0.0.63-py3-none-win_amd64.whl", hash = "sha256:2aa2370bdd6f42e9f37518c812379bef70b9162f9e5aad511495229b0b71cb93", size = 12450036, upload-time = "2026-07-23T11:41:35.559Z" },
    { url = "https://files.pythonhosted.org/packages/35/97/2c9748e28ead0650c7ad3e5f74f178832ceabd7cb5c272a882f29eb32ee4/ty-0.0.63-py3-none-win_arm64.whl", hash = "sha256:95ac1a62162c3c7ac204731e95ebf766d62a46a7bfa238a6acbe923fcb772cb1", size = 11826243, upload-time = "2026-07-23T11:41:37.749Z" },
]
